github.com/Dorico-Dynamics/txova-go-core v1.0.0 h1:xPyNhHKu3zIUQ9R4b9flzd251gJn32vs1HX/Vzttf6M=
github.com/Dorico-Dynamics/txova-go-core v1.0.0/go.mod h1:Rwqq+wnlM+AETcwuhqKGHJOh8ljJ8GOG2hTvWgPUQTM=
github.com/Dorico-Dynamics/txova-go-types v1.0.1 h1:bndgmVRQEuCma3A/35GEyc2lVNvnvecw3hdj191ZG4c=
github.com/Dorico-Dynamics/txova-go-types v1.0.1/go.mod h1:WkWIOXLkVwFu1wyLGm9U2R2dTECuTtEJTR8rIiA+dBw=
github.com/google/uuid v1.6.0 h1:NIvaJDMOsjHA8n1jAhLSgzrAzy1Hgr+hNrb57e+94F0=
github.com/google/uuid v1.6.0/go.mod h1:TIyPZe4MgqvfeYDBFedMoGGpEw/LqOeaOT+nhxU+yHo=
